// !$*UTF8*$!
{
	archiveVersion = 1;
	classes = {
	};
	objectVersion = 56;
	objects = {

/* Begin PBXBuildFile section */
		A85BB4BF2B863EAA00DF7405 /* AppDelegate.swift in Sources */ = {isa = PBXBuildFile; fileRef = A85BB4BE2B863EAA00DF7405 /* AppDelegate.swift */; };
		A85BB4C12B863EAA00DF7405 /* SceneDelegate.swift in Sources */ = {isa = PBXBuildFile; fileRef = A85BB4C02B863EAA00DF7405 /* SceneDelegate.swift */; };
		A85BB4C32B863EAA00DF7405 /* ViewController.swift in Sources */ = {isa = PBXBuildFile; fileRef = A85BB4C22B863EAA00DF7405 /* ViewController.swift */; };
		A85BB4C62B863EAA00DF7405 /* Main.storyboard in Resources */ = {isa = PBXBuildFile; fileRef = A85BB4C42B863EAA00DF7405 /* Main.storyboard */; };
		A85BB4C82B863EAC00DF7405 /* Assets.xcassets in Resources */ = {isa = PBXBuildFile; fileRef = A85BB4C72B863EAC00DF7405 /* Assets.xcassets */; };
		A85BB4CB2B863EAC00DF7405 /* LaunchScreen.storyboard in Resources */ = {isa = PBXBuildFile; fileRef = A85BB4C92B863EAC00DF7405 /* LaunchScreen.storyboard */; };
		A85BB4D82B863F1E00DF7405 /* Question.swift in Sources */ = {isa = PBXBuildFile; fileRef = A85BB4D72B863F1E00DF7405 /* Question.swift */; };
		A85BB4DA2B863F3800DF7405 /* QuizBrain.swift in Sources */ = {isa = PBXBuildFile; fileRef = A85BB4D92B863F3800DF7405 /* QuizBrain.swift */; };
/* End PBXBuildFile section */

/* Begin PBXFileReference section */
		A85BB4BB2B863EAA00DF7405 /* Sports Quizz.app */ = {isa = PBXFileReference; explicitFileType = wrapper.application; includeInIndex = 0; path = "Sports Quizz.app"; sourceTree = BUILT_PRODUCTS_DIR; };
		A85BB4BE2B863EAA00DF7405 /* AppDelegate.swift */ = {isa = PBXFileReference; lastKnownFileType = sourcecode.swift; path = AppDelegate.swift; sourceTree = "<group>"; };
		A85BB4C02B863EAA00DF7405 /* SceneDelegate.swift */ = {isa = PBXFileReference; lastKnownFileType = sourcecode.swift; path = SceneDelegate.swift; sourceTree = "<group>"; };
		A85BB4C22B863EAA00DF7405 /* ViewController.swift */ = {isa = PBXFileReference; lastKnownFileType = sourcecode.swift; path = ViewController.swift; sourceTree = "<group>"; };
		A85BB4C52B863EAA00DF7405 /* Base */ = {isa = PBXFileReference; lastKnownFileType = file.storyboard; name = Base; path = Base.lproj/Main.storyboard; sourceTree = "<group>"; };
		A85BB4C72B863EAC00DF7405 /* Assets.xcassets */ = {isa = PBXFileReference; lastKnownFileType = folder.assetcatalog; path = Assets.xcassets; sourceTree = "<group>"; };
		A85BB4CA2B863EAC00DF7405 /* Base */ = {isa = PBXFileReference; lastKnownFileType = file.storyboard; name = Base; path = Base.lproj/LaunchScreen.storyboard; sourceTree = "<group>"; };
		A85BB4CC2B863EAC00DF7405 /* Info.plist */ = {isa = PBXFileReference; lastKnownFileType = text.plist.xml; path = Info.plist; sourceTree = "<group>"; };
		A85BB4D72B863F1E00DF7405 /* Question.swift */ = {isa = PBXFileReference; lastKnownFileType = sourcecode.swift; path = Question.swift; sourceTree = "<group>"; };
		A85BB4D92B863F3800DF7405 /* QuizBrain.swift */ = {isa = PBXFileReference; lastKnownFileType = sourcecode.swift; path = QuizBrain.swift; sourceTree = "<group>"; };
/* End PBXFileReference section */

/* Begin PBXFrameworksBuildPhase section */
		A85BB4B82B863EAA00DF7405 /* Frameworks */ = {
			isa = PBXFrameworksBuildPhase;
			buildActionMask = 2147483647;
			files = (
			);
			runOnlyForDeploymentPostprocessing = 0;
		};
/* End PBXFrameworksBuildPhase section */

/* Begin PBXGroup section */
		A85BB4B22B863EAA00DF7405 = {
			isa = PBXGroup;
			children = (
				A85BB4BD2B863EAA00DF7405 /* Sports Quizz */,
				A85BB4D32B863EC100DF7405 /* View */,
				A85BB4D22B863EB600DF7405 /* Controller */,
				A85BB4BC2B863EAA00DF7405 /* Products */,
			);
			sourceTree = "<group>";
		};
		A85BB4BC2B863EAA00DF7405 /* Products */ = {
			isa = PBXGroup;
			children = (
				A85BB4BB2B863EAA00DF7405 /* Sports Quizz.app */,
			);
			name = Products;
			sourceTree = "<group>";
		};
		A85BB4BD2B863EAA00DF7405 /* Sports Quizz */ = {
			isa = PBXGroup;
			children = (
				A85BB4D62B863EF800DF7405 /* Model */,
				A85BB4C72B863EAC00DF7405 /* Assets.xcassets */,
				A85BB4CC2B863EAC00DF7405 /* Info.plist */,
				A85BB4C92B863EAC00DF7405 /* LaunchScreen.storyboard */,
				A85BB4C02B863EAA00DF7405 /* SceneDelegate.swift */,
				A85BB4BE2B863EAA00DF7405 /* AppDelegate.swift */,
			);
			path = "Sports Quizz";
			sourceTree = "<group>";
		};
		A85BB4D22B863EB600DF7405 /* Controller */ = {
			isa = PBXGroup;
			children = (
				A85BB4C22B863EAA00DF7405 /* ViewController.swift */,
			);
			path = Controller;
			sourceTree = "<group>";
		};
		A85BB4D32B863EC100DF7405 /* View */ = {
			isa = PBXGroup;
			children = (
				A85BB4C42B863EAA00DF7405 /* Main.storyboard */,
			);
			path = View;
			sourceTree = "<group>";
		};
		A85BB4D62B863EF800DF7405 /* Model */ = {
			isa = PBXGroup;
			children = (
				A85BB4D92B863F3800DF7405 /* QuizBrain.swift */,
				A85BB4D72B863F1E00DF7405 /* Question.swift */,
			);
			path = Model;
			sourceTree = "<group>";
		};
/* End PBXGroup section */

/* Begin PBXNativeTarget section */
		A85BB4BA2B863EAA00DF7405 /* Sports Quizz */ = {
			isa = PBXNativeTarget;
			buildConfigurationList = A85BB4CF2B863EAC00DF7405 /* Build configuration list for PBXNativeTarget "Sports Quizz" */;
			buildPhases = (
				A85BB4B72B863EAA00DF7405 /* Sources */,
				A85BB4B82B863EAA00DF7405 /* Frameworks */,
				A85BB4B92B863EAA00DF7405 /* Resources */,
			);
			buildRules = (
			);
			dependencies = (
			);
			name = "Sports Quizz";
			productName = "Sports Quizz";
			productReference = A85BB4BB2B863EAA00DF7405 /* Sports Quizz.app */;
			productType = "com.apple.product-type.application";
		};
/* End PBXNativeTarget section */

/* Begin PBXProject section */
		A85BB4B32B863EAA00DF7405 /* Project object */ = {
			isa = PBXProject;
			attributes = {
				BuildIndependentTargetsInParallel = 1;
				LastSwiftUpdateCheck = 1520;
				LastUpgradeCheck = 1520;
				TargetAttributes = {
					A85BB4BA2B863EAA00DF7405 = {
						CreatedOnToolsVersion = 15.2;
					};
				};
			};
			buildConfigurationList = A85BB4B62B863EAA00DF7405 /* Build configuration list for PBXProject "Sports Quizz" */;
			compatibilityVersion = "Xcode 14.0";
			developmentRegion = en;
			hasScannedForEncodings = 0;
			knownRegions = (
				en,
				Base,
			);
			mainGroup = A85BB4B22B863EAA00DF7405;
			productRefGroup = A85BB4BC2B863EAA00DF7405 /* Products */;
			projectDirPath = "";
			projectRoot = "";
			targets = (
				A85BB4BA2B863EAA00DF7405 /* Sports Quizz */,
			);
		};
/* End PBXProject section */

/* Begin PBXResourcesBuildPhase section */
		A85BB4B92B863EAA00DF7405 /* Resources */ = {
			isa = PBXResourcesBuildPhase;
			buildActionMask = 2147483647;
			files = (
				A85BB4CB2B863EAC00DF7405 /* LaunchScreen.storyboard in Resources */,
				A85BB4C82B863EAC00DF7405 /* Assets.xcassets in Resources */,
				A85BB4C62B863EAA00DF7405 /* Main.storyboard in Resources */,
			);
			runOnlyForDeploymentPostprocessing = 0;
		};
/* End PBXResourcesBuildPhase section */

/* Begin PBXSourcesBuildPhase section */
		A85BB4B72B863EAA00DF7405 /* Sources */ = {
			isa = PBXSourcesBuildPhase;
			buildActionMask = 2147483647;
			files = (
				A85BB4DA2B863F3800DF7405 /* QuizBrain.swift in Sources */,
				A85BB4C32B863EAA00DF7405 /* ViewController.swift in Sources */,
				A85BB4D82B863F1E00DF7405 /* Question.swift in Sources */,
				A85BB4BF2B863EAA00DF7405 /* AppDelegate.swift in Sources */,
				A85BB4C12B863EAA00DF7405 /* SceneDelegate.swift in Sources */,
			);
			runOnlyForDeploymentPostprocessing = 0;
		};
/* End PBXSourcesBuildPhase section */

/* Begin PBXVariantGroup section */
		A85BB4C42B863EAA00DF7405 /* Main.storyboard */ = {
			isa = PBXVariantGroup;
			children = (
				A85BB4C52B863EAA00DF7405 /* Base */,
			);
			name = Main.storyboard;
			sourceTree = "<group>";
		};
		A85BB4C92B863EAC00DF7405 /* LaunchScreen.storyboard */ = {
			isa = PBXVariantGroup;
			children = (
				A85BB4CA2B863EAC00DF7405 /* Base */,
			);
			name = LaunchScreen.storyboard;
			sourceTree = "<group>";
		};
/* End PBXVariantGroup section */

/* Begin XCBuildConfiguration section */
		A85BB4CD2B863EAC00DF7405 /* Debug */ = {
			isa = XCBuildConfiguration;
			buildSettings = {
				ALWAYS_SEARCH_USER_PATHS = NO;
				ASSETCATALOG_COMPILER_GENERATE_SWIFT_ASSET_SYMBOL_EXTENSIONS = YES;
				CLANG_ANALYZER_NONNULL = YES;
				CLANG_ANALYZER_NUMBER_OBJECT_CONVERSION = YES_AGGRESSIVE;
				CLANG_CXX_LANGUAGE_STANDARD = "gnu++20";
				CLANG_ENABLE_MODULES = YES;
				CLANG_ENABLE_OBJC_ARC = YES;
				CLANG_ENABLE_OBJC_WEAK = YES;
				CLANG_WARN_BLOCK_CAPTURE_AUTORELEASING = YES;
				CLANG_WARN_BOOL_CONVERSION = YES;
				CLANG_WARN_COMMA = YES;
				CLANG_WARN_CONSTANT_CONVERSION = YES;
				CLANG_WARN_DEPRECATED_OBJC_IMPLEMENTATIONS = YES;
				CLANG_WARN_DIRECT_OBJC_ISA_USAGE = YES_ERROR;
				CLANG_WARN_DOCUMENTATION_COMMENTS = YES;
				CLANG_WARN_EMPTY_BODY = YES;
				CLANG_WARN_ENUM_CONVERSION = YES;
				CLANG_WARN_INFINITE_RECURSION = YES;
				CLANG_WARN_INT_CONVERSION = YES;
				CLANG_WARN_NON_LITERAL_NULL_CONVERSION = YES;
				CLANG_WARN_OBJC_IMPLICIT_RETAIN_SELF = YES;
				CLANG_WARN_OBJC_LITERAL_CONVERSION = YES;
				CLANG_WARN_OBJC_ROOT_CLASS = YES_ERROR;
				CLANG_WARN_QUOTED_INCLUDE_IN_FRAMEWORK_HEADER = YES;
				CLANG_WARN_RANGE_LOOP_ANALYSIS = YES;
				CLANG_WARN_STRICT_PROTOTYPES = YES;
				CLANG_WARN_SUSPICIOUS_MOVE = YES;
				CLANG_WARN_UNGUARDED_AVAILABILITY = YES_AGGRESSIVE;
				CLANG_WARN_UNREACHABLE_CODE = YES;
				CLANG_WARN__DUPLICATE_METHOD_MATCH = YES;
				COPY_PHASE_STRIP = NO;
				DEBUG_INFORMATION_FORMAT = dwarf;
				ENABLE_STRICT_OBJC_MSGSEND = YES;
				ENABLE_TESTABILITY = YES;
				ENABLE_USER_SCRIPT_SANDBOXING = YES;
				GCC_C_LANGUAGE_STANDARD = gnu17;
				GCC_DYNAMIC_NO_PIC = NO;
				GCC_NO_COMMON_BLOCKS = YES;
				GCC_OPTIMIZATION_LEVEL = 0;
				GCC_PREPROCESSOR_DEFINITIONS = (
					"DEBUG=1",
					"$(inherited)",
				);
				GCC_WARN_64_TO_32_BIT_CONVERSION = YES;
				GCC_WARN_ABOUT_RETURN_TYPE = YES_ERROR;
				GCC_WARN_UNDECLARED_SELECTOR = YES;
				GCC_WARN_UNINITIALIZED_AUTOS = YES_AGGRESSIVE;
				GCC_WARN_UNUSED_FUNCTION = YES;
				GCC_WARN_UNUSED_VARIABLE = YES;
				IPHONEOS_DEPLOYMENT_TARGET = 17.2;
				LOCALIZATION_PREFERS_STRING_CATALOGS = YES;
				MTL_ENABLE_DEBUG_INFO = INCLUDE_SOURCE;
				MTL_FAST_MATH = YES;
				ONLY_ACTIVE_ARCH = YES;
				SDKROOT = iphoneos;
				SWIFT_ACTIVE_COMPILATION_CONDITIONS = "DEBUG $(inherited)";
				SWIFT_OPTIMIZATION_LEVEL = "-Onone";
			};
			name = Debug;
		};
		A85BB4CE2B863EAC00DF7405 /* Release */ = {
			isa = XCBuildConfiguration;
			buildSettings = {
				ALWAYS_SEARCH_USER_PATHS = NO;
				ASSETCATALOG_COMPILER_GENERATE_SWIFT_ASSET_SYMBOL_EXTENSIONS = YES;
				CLANG_ANALYZER_NONNULL = YES;
				CLANG_ANALYZER_NUMBER_OBJECT_CONVERSION = YES_AGGRESSIVE;
				CLANG_CXX_LANGUAGE_STANDARD = "gnu++20";
				CLANG_ENABLE_MODULES = YES;
				CLANG_ENABLE_OBJC_ARC = YES;
				CLANG_ENABLE_OBJC_WEAK = YES;
				CLANG_WARN_BLOCK_CAPTURE_AUTORELEASING = YES;
				CLANG_WARN_BOOL_CONVERSION = YES;
				CLANG_WARN_COMMA = YES;
				CLANG_WARN_CONSTANT_CONVERSION = YES;
				CLANG_WARN_DEPRECATED_OBJC_IMPLEMENTATIONS = YES;
				CLANG_WARN_DIRECT_OBJC_ISA_USAGE = YES_ERROR;
				CLANG_WARN_DOCUMENTATION_COMMENTS = YES;
				CLANG_WARN_EMPTY_BODY = YES;
				CLANG_WARN_ENUM_CONVERSION = YES;
				CLANG_WARN_INFINITE_RECURSION = YES;
				CLANG_WARN_INT_CONVERSION = YES;
				CLANG_WARN_NON_LITERAL_NULL_CONVERSION = YES;
				CLANG_WARN_OBJC_IMPLICIT_RETAIN_SELF = YES;
				CLANG_WARN_OBJC_LITERAL_CONVERSION = YES;
				CLANG_WARN_OBJC_ROOT_CLASS = YES_ERROR;
				CLANG_WARN_QUOTED_INCLUDE_IN_FRAMEWORK_HEADER = YES;
				CLANG_WARN_RANGE_LOOP_ANALYSIS = YES;
				CLANG_WARN_STRICT_PROTOTYPES = YES;
				CLANG_WARN_SUSPICIOUS_MOVE = YES;
				CLANG_WARN_UNGUARDED_AVAILABILITY = YES_AGGRESSIVE;
				CLANG_WARN_UNREACHABLE_CODE = YES;
				CLANG_WARN__DUPLICATE_METHOD_MATCH = YES;
				COPY_PHASE_STRIP = NO;
				DEBUG_INFORMATION_FORMAT = "dwarf-with-dsym";
				ENABLE_NS_ASSERTIONS = NO;
				ENABLE_STRICT_OBJC_MSGSEND = YES;
				ENABLE_USER_SCRIPT_SANDBOXING = YES;
				GCC_C_LANGUAGE_STANDARD = gnu17;
				GCC_NO_COMMON_BLOCKS = YES;
				GCC_WARN_64_TO_32_BIT_CONVERSION = YES;
				GCC_WARN_ABOUT_RETURN_TYPE = YES_ERROR;
				GCC_WARN_UNDECLARED_SELECTOR = YES;
				GCC_WARN_UNINITIALIZED_AUTOS = YES_AGGRESSIVE;
				GCC_WARN_UNUSED_FUNCTION = YES;
				GCC_WARN_UNUSED_VARIABLE = YES;
				IPHONEOS_DEPLOYMENT_TARGET = 17.2;
				LOCALIZATION_PREFERS_STRING_CATALOGS = YES;
				MTL_ENABLE_DEBUG_INFO = NO;
				MTL_FAST_MATH = YES;
				SDKROOT = iphoneos;
				SWIFT_COMPILATION_MODE = wholemodule;
				VALIDATE_PRODUCT = YES;
			};
			name = Release;
		};
		A85BB4D02B863EAC00DF7405 /* Debug */ = {
			isa = XCBuildConfiguration;
			buildSettings = {
				ASSETCATALOG_COMPILER_APPICON_NAME = AppIcon;
				ASSETCATALOG_COMPILER_GLOBAL_ACCENT_COLOR_NAME = AccentColor;
				CODE_SIGN_STYLE = Automatic;
				CURRENT_PROJECT_VERSION = 1;
				GENERATE_INFOPLIST_FILE = YES;
				INFOPLIST_FILE = "Sports Quizz/Info.plist";
				INFOPLIST_KEY_UIApplicationSupportsIndirectInputEvents = YES;
				INFOPLIST_KEY_UILaunchStoryboardName = LaunchScreen;
				INFOPLIST_KEY_UIMainStoryboardFile = Main;
				INFOPLIST_KEY_UISupportedInterfaceOrientations_iPad = "UIInterfaceOrientationPortrait UIInterfaceOrientationPortraitUpsideDown UIInterfaceOrientationLandscapeLeft UIInterfaceOrientationLandscapeRight";
				INFOPLIST_KEY_UISupportedInterfaceOrientations_iPhone = "UIInterfaceOrientationPortrait UIInterfaceOrientationLandscapeLeft UIInterfaceOrientationLandscapeRight";
				LD_RUNPATH_SEARCH_PATHS = (
					"$(inherited)",
					"@executable_path/Frameworks",
				);
				MARKETING_VERSION = 1.0;
				PRODUCT_BUNDLE_IDENTIFIER = "com.handandeniz.Sports-Quizz";
				PRODUCT_NAME = "$(TARGET_NAME)";
				SWIFT_EMIT_LOC_STRINGS = YES;
				SWIFT_VERSION = 5.0;
				TARGETED_DEVICE_FAMILY = "1,2";
			};
			name = Debug;
		};
		A85BB4D12B863EAC00DF7405 /* Release */ = {
			isa = XCBuildConfiguration;
			buildSettings = {
				ASSETCATALOG_COMPILER_APPICON_NAME = AppIcon;
				ASSETCATALOG_COMPILER_GLOBAL_ACCENT_COLOR_NAME = AccentColor;
				CODE_SIGN_STYLE = Automatic;
				CURRENT_PROJECT_VERSION = 1;
				GENERATE_INFOPLIST_FILE = YES;
				INFOPLIST_FILE = "Sports Quizz/Info.plist";
				INFOPLIST_KEY_UIApplicationSupportsIndirectInputEvents = YES;
				INFOPLIST_KEY_UILaunchStoryboardName = LaunchScreen;
				INFOPLIST_KEY_UIMainStoryboardFile = Main;
				INFOPLIST_KEY_UISupportedInterfaceOrientations_iPad = "UIInterfaceOrientationPortrait UIInterfaceOrientationPortraitUpsideDown UIInterfaceOrientationLandscapeLeft UIInterfaceOrientationLandscapeRight";
				INFOPLIST_KEY_UISupportedInterfaceOrientations_iPhone = "UIInterfaceOrientationPortrait UIInterfaceOrientationLandscapeLeft UIInterfaceOrientationLandscapeRight";
				LD_RUNPATH_SEARCH_PATHS = (
					"$(inherited)",
					"@executable_path/Frameworks",
				);
				MARKETING_VERSION = 1.0;
				PRODUCT_BUNDLE_IDENTIFIER = "com.handandeniz.Sports-Quizz";
				PRODUCT_NAME = "$(TARGET_NAME)";
				SWIFT_EMIT_LOC_STRINGS = YES;
				SWIFT_VERSION = 5.0;
				TARGETED_DEVICE_FAMILY = "1,2";
			};
			name = Release;
		};
/* End XCBuildConfiguration section */

/* Begin XCConfigurationList section */
		A85BB4B62B863EAA00DF7405 /* Build configuration list for PBXProject "Sports Quizz" */ = {
			isa = XCConfigurationList;
			buildConfigurations = (
				A85BB4CD2B863EAC00DF7405 /* Debug */,
				A85BB4CE2B863EAC00DF7405 /* Release */,
			);
			defaultConfigurationIsVisible = 0;
			defaultConfigurationName = Release;
		};
		A85BB4CF2B863EAC00DF7405 /* Build configuration list for PBXNativeTarget "Sports Quizz" */ = {
			isa = XCConfigurationList;
			buildConfigurations = (
				A85BB4D02B863EAC00DF7405 /* Debug */,
				A85BB4D12B863EAC00DF7405 /* Release */,
			);
			defaultConfigurationIsVisible = 0;
			defaultConfigurationName = Release;
		};
/* End XCConfigurationList section */
	};
	rootObject = A85BB4B32B863EAA00DF7405 /* Project object */;
}
